
Microsoft Visual Studio Solution File, Format Version 12.00
# Visual Studio Version 17
VisualStudioVersion = 17.0.31903.59
MinimumVisualStudioVersion = 10.0.40219.1
Project("{FAE04EC0-301F-11D3-BF4B-00C04F79EFBC}") = "NTierDemo.Models", "NTierDemo.Models\NTierDemo.Models.csproj", "{BB232A16-A6F3-4F12-8F43-E2F7351A7B67}"
EndProject
Project("{FAE04EC0-301F-11D3-BF4B-00C04F79EFBC}") = "NTierDemo.Repositories", "NTierDemo.Repositories\NTierDemo.Repositories.csproj", "{3C96DF78-1A6F-4980-900F-9B9A8AF3AC32}"
EndProject
Project("{FAE04EC0-301F-11D3-BF4B-00C04F79EFBC}") = "NTierDemoWeb", "NTierDemoWeb\NTierDemoWeb.csproj", "{CC52FBC0-6655-4228-A05F-A3410147FAF0}"
EndProject
Global
	GlobalSection(SolutionConfigurationPlatforms) = preSolution
		Debug|Any CPU = Debug|Any CPU
		Release|Any CPU = Release|Any CPU
	EndGlobalSection
	GlobalSection(SolutionProperties) = preSolution
		HideSolutionNode = FALSE
	EndGlobalSection
	GlobalSection(ProjectConfigurationPlatforms) = postSolution
		{BB232A16-A6F3-4F12-8F43-E2F7351A7B67}.Debug|Any CPU.ActiveCfg = Debug|Any CPU
		{BB232A16-A6F3-4F12-8F43-E2F7351A7B67}.Debug|Any CPU.Build.0 = Debug|Any CPU
		{BB232A16-A6F3-4F12-8F43-E2F7351A7B67}.Release|Any CPU.ActiveCfg = Release|Any CPU
		{BB232A16-A6F3-4F12-8F43-E2F7351A7B67}.Release|Any CPU.Build.0 = Release|Any CPU
		{3C96DF78-1A6F-4980-900F-9B9A8AF3AC32}.Debug|Any CPU.ActiveCfg = Debug|Any CPU
		{3C96DF78-1A6F-4980-900F-9B9A8AF3AC32}.Debug|Any CPU.Build.0 = Debug|Any CPU
		{3C96DF78-1A6F-4980-900F-9B9A8AF3AC32}.Release|Any CPU.ActiveCfg = Release|Any CPU
		{3C96DF78-1A6F-4980-900F-9B9A8AF3AC32}.Release|Any CPU.Build.0 = Release|Any CPU
		{CC52FBC0-6655-4228-A05F-A3410147FAF0}.Debug|Any CPU.ActiveCfg = Debug|Any CPU
		{CC52FBC0-6655-4228-A05F-A3410147FAF0}.Debug|Any CPU.Build.0 = Debug|Any CPU
		{CC52FBC0-6655-4228-A05F-A3410147FAF0}.Release|Any CPU.ActiveCfg = Release|Any CPU
		{CC52FBC0-6655-4228-A05F-A3410147FAF0}.Release|Any CPU.Build.0 = Release|Any CPU
	EndGlobalSection
EndGlobal
